// !$*UTF8*$!
{
	archiveVersion = 1;
	classes = {
	};
	objectVersion = 46;
	objects = {

/* Begin PBXBuildFile section */
		D6332F031D24723C00EA8367 /* TestParticle.sks in Resources */ = {isa = PBXBuildFile; fileRef = D6332F011D24723C00EA8367 /* TestParticle.sks */; };
		D6332F041D24723C00EA8367 /* spark.png in Resources */ = {isa = PBXBuildFile; fileRef = D6332F021D24723C00EA8367 /* spark.png */; };
		D64553311D5ADE1E004D4ACA /* GameKit.framework in Frameworks */ = {isa = PBXBuildFile; fileRef = D64553301D5ADE1E004D4ACA /* GameKit.framework */; };
		D64E4F0C1D46B7CB007E806E /* ThemeScene.swift in Sources */ = {isa = PBXBuildFile; fileRef = D64E4F0B1D46B7CB007E806E /* ThemeScene.swift */; };
		D64E4F0E1D46FC8E007E806E /* ThemeScene.sks in Resources */ = {isa = PBXBuildFile; fileRef = D64E4F0D1D46FC8E007E806E /* ThemeScene.sks */; };
		D654DB581D10E8DE00CE3485 /* AppDelegate.swift in Sources */ = {isa = PBXBuildFile; fileRef = D654DB571D10E8DE00CE3485 /* AppDelegate.swift */; };
		D654DB5C1D10E8DE00CE3485 /* GameScene.swift in Sources */ = {isa = PBXBuildFile; fileRef = D654DB5B1D10E8DE00CE3485 /* GameScene.swift */; };
		D654DB5E1D10E8DE00CE3485 /* GameViewController.swift in Sources */ = {isa = PBXBuildFile; fileRef = D654DB5D1D10E8DE00CE3485 /* GameViewController.swift */; };
		D654DB611D10E8DE00CE3485 /* Main.storyboard in Resources */ = {isa = PBXBuildFile; fileRef = D654DB5F1D10E8DE00CE3485 /* Main.storyboard */; };
		D654DB631D10E8DE00CE3485 /* Assets.xcassets in Resources */ = {isa = PBXBuildFile; fileRef = D654DB621D10E8DE00CE3485 /* Assets.xcassets */; };
		D654DB661D10E8DE00CE3485 /* LaunchScreen.storyboard in Resources */ = {isa = PBXBuildFile; fileRef = D654DB641D10E8DE00CE3485 /* LaunchScreen.storyboard */; };
		D654DB711D10E8DE00CE3485 /* GameTestSpriteTests.swift in Sources */ = {isa = PBXBuildFile; fileRef = D654DB701D10E8DE00CE3485 /* GameTestSpriteTests.swift */; };
		D654DB7C1D10E8DE00CE3485 /* GameTestSpriteUITests.swift in Sources */ = {isa = PBXBuildFile; fileRef = D654DB7B1D10E8DE00CE3485 /* GameTestSpriteUITests.swift */; };
		D658F58E1D1521FF00E602F0 /* CreditsScene.sks in Resources */ = {isa = PBXBuildFile; fileRef = D658F58D1D1521FF00E602F0 /* CreditsScene.sks */; };
		D658F5901D15221700E602F0 /* CreditsScene.swift in Sources */ = {isa = PBXBuildFile; fileRef = D658F58F1D15221700E602F0 /* CreditsScene.swift */; };
		D658F5921D15481700E602F0 /* SettingsScene.swift in Sources */ = {isa = PBXBuildFile; fileRef = D658F5911D15481700E602F0 /* SettingsScene.swift */; };
		D658F5941D15482F00E602F0 /* SettingsScene.sks in Resources */ = {isa = PBXBuildFile; fileRef = D658F5931D15482F00E602F0 /* SettingsScene.sks */; };
		D658F5961D15B2D300E602F0 /* TutorialScene.sks in Resources */ = {isa = PBXBuildFile; fileRef = D658F5951D15B2D300E602F0 /* TutorialScene.sks */; };
		D658F5981D15B2E700E602F0 /* TutorialScene.swift in Sources */ = {isa = PBXBuildFile; fileRef = D658F5971D15B2E700E602F0 /* TutorialScene.swift */; };
		D68549AB1D13965F00F44353 /* MenuScene.sks in Resources */ = {isa = PBXBuildFile; fileRef = D68549AA1D13965F00F44353 /* MenuScene.sks */; };
		D68549AD1D1396F000F44353 /* MenuScene.swift in Sources */ = {isa = PBXBuildFile; fileRef = D68549AC1D1396F000F44353 /* MenuScene.swift */; };
		D694C38B1D4348DC002AE9F8 /* GameScene.sks in Resources */ = {isa = PBXBuildFile; fileRef = D694C38A1D4348DC002AE9F8 /* GameScene.sks */; };
		D694C3981D436804002AE9F8 /* O.wav in Resources */ = {isa = PBXBuildFile; fileRef = D694C3961D436804002AE9F8 /* O.wav */; };
		D694C3991D436804002AE9F8 /* X.wav in Resources */ = {isa = PBXBuildFile; fileRef = D694C3971D436804002AE9F8 /* X.wav */; };
		D6D1D0741EE8C5DE00DFEE02 /* OnlineScene.swift in Sources */ = {isa = PBXBuildFile; fileRef = D6D1D0731EE8C5DE00DFEE02 /* OnlineScene.swift */; };
		D6D1D0781EEA159600DFEE02 /* EasyGameCenter.swift in Sources */ = {isa = PBXBuildFile; fileRef = D6D1D0771EEA159600DFEE02 /* EasyGameCenter.swift */; };
		D6D1D07A1EEA15EB00DFEE02 /* SystemConfiguration.framework in Frameworks */ = {isa = PBXBuildFile; fileRef = D6D1D0791EEA15EB00DFEE02 /* SystemConfiguration.framework */; };
		D6F1A9401D44D255007D3A88 /* bg.wav in Resources */ = {isa = PBXBuildFile; fileRef = D6F1A93F1D44D255007D3A88 /* bg.wav */; };
		D6F1A9421D44E043007D3A88 /* click.wav in Resources */ = {isa = PBXBuildFile; fileRef = D6F1A9411D44E043007D3A88 /* click.wav */; };
		D6F4789C1D5D20EE00CA2EEA /* win.wav in Resources */ = {isa = PBXBuildFile; fileRef = D6F4789B1D5D20EE00CA2EEA /* win.wav */; };
		D6F4789E1D5D22FA00CA2EEA /* lose.wav in Resources */ = {isa = PBXBuildFile; fileRef = D6F4789D1D5D22FA00CA2EEA /* lose.wav */; };
		D6F478A01D5D366100CA2EEA /* CustomScrollView.swift in Sources */ = {isa = PBXBuildFile; fileRef = D6F4789F1D5D366100CA2EEA /* CustomScrollView.swift */; };
		D6FA196C1D14546A007C23CB /* LaunchScreen.storyboard in Resources */ = {isa = PBXBuildFile; fileRef = D6FA196B1D14546A007C23CB /* LaunchScreen.storyboard */; };
/* End PBXBuildFile section */

/* Begin PBXContainerItemProxy section */
		D654DB6D1D10E8DE00CE3485 /* PBXContainerItemProxy */ = {
			isa = PBXContainerItemProxy;
			containerPortal = D654DB4C1D10E8DE00CE3485 /* Project object */;
			proxyType = 1;
			remoteGlobalIDString = D654DB531D10E8DE00CE3485;
			remoteInfo = GameTestSprite;
		};
		D654DB781D10E8DE00CE3485 /* PBXContainerItemProxy */ = {
			isa = PBXContainerItemProxy;
			containerPortal = D654DB4C1D10E8DE00CE3485 /* Project object */;
			proxyType = 1;
			remoteGlobalIDString = D654DB531D10E8DE00CE3485;
			remoteInfo = GameTestSprite;
		};
/* End PBXContainerItemProxy section */

/* Begin PBXFileReference section */
		D6332F011D24723C00EA8367 /* TestParticle.sks */ = {isa = PBXFileReference; lastKnownFileType = file.sks; path = TestParticle.sks; sourceTree = "<group>"; };
		D6332F021D24723C00EA8367 /* spark.png */ = {isa = PBXFileReference; lastKnownFileType = image.png; path = spark.png; sourceTree = "<group>"; };
		D64553301D5ADE1E004D4ACA /* GameKit.framework */ = {isa = PBXFileReference; lastKnownFileType = wrapper.framework; name = GameKit.framework; path = System/Library/Frameworks/GameKit.framework; sourceTree = SDKROOT; };
		D64E4F0B1D46B7CB007E806E /* ThemeScene.swift */ = {isa = PBXFileReference; fileEncoding = 4; lastKnownFileType = sourcecode.swift; path = ThemeScene.swift; sourceTree = "<group>"; };
		D64E4F0D1D46FC8E007E806E /* ThemeScene.sks */ = {isa = PBXFileReference; lastKnownFileType = file.sks; path = ThemeScene.sks; sourceTree = "<group>"; };
		D654DB541D10E8DE00CE3485 /* X vs O.app */ = {isa = PBXFileReference; explicitFileType = wrapper.application; includeInIndex = 0; path = "X vs O.app"; sourceTree = BUILT_PRODUCTS_DIR; };
		D654DB571D10E8DE00CE3485 /* AppDelegate.swift */ = {isa = PBXFileReference; lastKnownFileType = sourcecode.swift; path = AppDelegate.swift; sourceTree = "<group>"; };
		D654DB5B1D10E8DE00CE3485 /* GameScene.swift */ = {isa = PBXFileReference; lastKnownFileType = sourcecode.swift; path = GameScene.swift; sourceTree = "<group>"; };
		D654DB5D1D10E8DE00CE3485 /* GameViewController.swift */ = {isa = PBXFileReference; lastKnownFileType = sourcecode.swift; path = GameViewController.swift; sourceTree = "<group>"; };
		D654DB601D10E8DE00CE3485 /* Base */ = {isa = PBXFileReference; lastKnownFileType = file.storyboard; name = Base; path = Base.lproj/Main.storyboard; sourceTree = "<group>"; };
		D654DB621D10E8DE00CE3485 /* Assets.xcassets */ = {isa = PBXFileReference; lastKnownFileType = folder.assetcatalog; path = Assets.xcassets; sourceTree = "<group>"; };
		D654DB651D10E8DE00CE3485 /* Base */ = {isa = PBXFileReference; lastKnownFileType = file.storyboard; name = Base; path = Base.lproj/LaunchScreen.storyboard; sourceTree = "<group>"; };
		D654DB671D10E8DE00CE3485 /* Info.plist */ = {isa = PBXFileReference; lastKnownFileType = text.plist.xml; path = Info.plist; sourceTree = "<group>"; };
		D654DB6C1D10E8DE00CE3485 /* X vs OTests.xctest */ = {isa = PBXFileReference; explicitFileType = wrapper.cfbundle; includeInIndex = 0; path = "X vs OTests.xctest"; sourceTree = BUILT_PRODUCTS_DIR; };
		D654DB701D10E8DE00CE3485 /* GameTestSpriteTests.swift */ = {isa = PBXFileReference; lastKnownFileType = sourcecode.swift; path = GameTestSpriteTests.swift; sourceTree = "<group>"; };
		D654DB721D10E8DE00CE3485 /* Info.plist */ = {isa = PBXFileReference; lastKnownFileType = text.plist.xml; path = Info.plist; sourceTree = "<group>"; };
		D654DB771D10E8DE00CE3485 /* X vs OUITests.xctest */ = {isa = PBXFileReference; explicitFileType = wrapper.cfbundle; includeInIndex = 0; path = "X vs OUITests.xctest"; sourceTree = BUILT_PRODUCTS_DIR; };
		D654DB7B1D10E8DE00CE3485 /* GameTestSpriteUITests.swift */ = {isa = PBXFileReference; lastKnownFileType = sourcecode.swift; path = GameTestSpriteUITests.swift; sourceTree = "<group>"; };
		D654DB7D1D10E8DE00CE3485 /* Info.plist */ = {isa = PBXFileReference; lastKnownFileType = text.plist.xml; path = Info.plist; sourceTree = "<group>"; };
		D658F58D1D1521FF00E602F0 /* CreditsScene.sks */ = {isa = PBXFileReference; lastKnownFileType = file.sks; name = CreditsScene.sks; path = ../CreditsScene.sks; sourceTree = "<group>"; };
		D658F58F1D15221700E602F0 /* CreditsScene.swift */ = {isa = PBXFileReference; fileEncoding = 4; lastKnownFileType = sourcecode.swift; lineEnding = 0; name = CreditsScene.swift; path = ../CreditsScene.swift; sourceTree = "<group>"; xcLanguageSpecificationIdentifier = xcode.lang.swift; };
		D658F5911D15481700E602F0 /* SettingsScene.swift */ = {isa = PBXFileReference; fileEncoding = 4; lastKnownFileType = sourcecode.swift; lineEnding = 0; name = SettingsScene.swift; path = ../SettingsScene.swift; sourceTree = "<group>"; xcLanguageSpecificationIdentifier = xcode.lang.swift; };
		D658F5931D15482F00E602F0 /* SettingsScene.sks */ = {isa = PBXFileReference; lastKnownFileType = file.sks; name = SettingsScene.sks; path = ../SettingsScene.sks; sourceTree = "<group>"; };
		D658F5951D15B2D300E602F0 /* TutorialScene.sks */ = {isa = PBXFileReference; lastKnownFileType = file.sks; name = TutorialScene.sks; path = ../TutorialScene.sks; sourceTree = "<group>"; };
		D658F5971D15B2E700E602F0 /* TutorialScene.swift */ = {isa = PBXFileReference; fileEncoding = 4; lastKnownFileType = sourcecode.swift; name = TutorialScene.swift; path = ../TutorialScene.swift; sourceTree = "<group>"; };
		D68549AA1D13965F00F44353 /* MenuScene.sks */ = {isa = PBXFileReference; lastKnownFileType = file.sks; path = MenuScene.sks; sourceTree = "<group>"; };
		D68549AC1D1396F000F44353 /* MenuScene.swift */ = {isa = PBXFileReference; fileEncoding = 4; lastKnownFileType = sourcecode.swift; path = MenuScene.swift; sourceTree = "<group>"; };
		D694C38A1D4348DC002AE9F8 /* GameScene.sks */ = {isa = PBXFileReference; lastKnownFileType = file.sks; path = GameScene.sks; sourceTree = "<group>"; };
		D694C3961D436804002AE9F8 /* O.wav */ = {isa = PBXFileReference; lastKnownFileType = audio.wav; path = O.wav; sourceTree = "<group>"; };
		D694C3971D436804002AE9F8 /* X.wav */ = {isa = PBXFileReference; lastKnownFileType = audio.wav; path = X.wav; sourceTree = "<group>"; };
		D6D1D0731EE8C5DE00DFEE02 /* OnlineScene.swift */ = {isa = PBXFileReference; fileEncoding = 4; lastKnownFileType = sourcecode.swift; path = OnlineScene.swift; sourceTree = "<group>"; };
		D6D1D0771EEA159600DFEE02 /* EasyGameCenter.swift */ = {isa = PBXFileReference; fileEncoding = 4; lastKnownFileType = sourcecode.swift; path = EasyGameCenter.swift; sourceTree = "<group>"; };
		D6D1D0791EEA15EB00DFEE02 /* SystemConfiguration.framework */ = {isa = PBXFileReference; lastKnownFileType = wrapper.framework; name = SystemConfiguration.framework; path = System/Library/Frameworks/SystemConfiguration.framework; sourceTree = SDKROOT; };
		D6F1A93F1D44D255007D3A88 /* bg.wav */ = {isa = PBXFileReference; lastKnownFileType = audio.wav; path = bg.wav; sourceTree = "<group>"; };
		D6F1A9411D44E043007D3A88 /* click.wav */ = {isa = PBXFileReference; lastKnownFileType = audio.wav; path = click.wav; sourceTree = "<group>"; };
		D6F4789B1D5D20EE00CA2EEA /* win.wav */ = {isa = PBXFileReference; lastKnownFileType = audio.wav; path = win.wav; sourceTree = "<group>"; };
		D6F4789D1D5D22FA00CA2EEA /* lose.wav */ = {isa = PBXFileReference; lastKnownFileType = audio.wav; path = lose.wav; sourceTree = "<group>"; };
		D6F4789F1D5D366100CA2EEA /* CustomScrollView.swift */ = {isa = PBXFileReference; fileEncoding = 4; lastKnownFileType = sourcecode.swift; path = CustomScrollView.swift; sourceTree = "<group>"; };
		D6FA196B1D14546A007C23CB /* LaunchScreen.storyboard */ = {isa = PBXFileReference; fileEncoding = 4; lastKnownFileType = file.storyboard; path = LaunchScreen.storyboard; sourceTree = "<group>"; };
/* End PBXFileReference section */

/* Begin PBXFrameworksBuildPhase section */
		D654DB511D10E8DE00CE3485 /* Frameworks */ = {
			isa = PBXFrameworksBuildPhase;
			buildActionMask = 2147483647;
			files = (
				D6D1D07A1EEA15EB00DFEE02 /* SystemConfiguration.framework in Frameworks */,
				D64553311D5ADE1E004D4ACA /* GameKit.framework in Frameworks */,
			);
			runOnlyForDeploymentPostprocessing = 0;
		};
		D654DB691D10E8DE00CE3485 /* Frameworks */ = {
			isa = PBXFrameworksBuildPhase;
			buildActionMask = 2147483647;
			files = (
			);
			runOnlyForDeploymentPostprocessing = 0;
		};
		D654DB741D10E8DE00CE3485 /* Frameworks */ = {
			isa = PBXFrameworksBuildPhase;
			buildActionMask = 2147483647;
			files = (
			);
			runOnlyForDeploymentPostprocessing = 0;
		};
/* End PBXFrameworksBuildPhase section */

/* Begin PBXGroup section */
		D645532F1D5ADE1E004D4ACA /* Frameworks */ = {
			isa = PBXGroup;
			children = (
				D6D1D0791EEA15EB00DFEE02 /* SystemConfiguration.framework */,
				D64553301D5ADE1E004D4ACA /* GameKit.framework */,
			);
			name = Frameworks;
			sourceTree = "<group>";
		};
		D654DB4B1D10E8DE00CE3485 = {
			isa = PBXGroup;
			children = (
				D6FA196B1D14546A007C23CB /* LaunchScreen.storyboard */,
				D654DB561D10E8DE00CE3485 /* GameTestSprite */,
				D654DB6F1D10E8DE00CE3485 /* GameTestSpriteTests */,
				D654DB7A1D10E8DE00CE3485 /* GameTestSpriteUITests */,
				D654DB551D10E8DE00CE3485 /* Products */,
				D645532F1D5ADE1E004D4ACA /* Frameworks */,
			);
			sourceTree = "<group>";
		};
		D654DB551D10E8DE00CE3485 /* Products */ = {
			isa = PBXGroup;
			children = (
				D654DB541D10E8DE00CE3485 /* X vs O.app */,
				D654DB6C1D10E8DE00CE3485 /* X vs OTests.xctest */,
				D654DB771D10E8DE00CE3485 /* X vs OUITests.xctest */,
			);
			name = Products;
			sourceTree = "<group>";
		};
		D654DB561D10E8DE00CE3485 /* GameTestSprite */ = {
			isa = PBXGroup;
			children = (
				D654DB571D10E8DE00CE3485 /* AppDelegate.swift */,
				D6D1D0771EEA159600DFEE02 /* EasyGameCenter.swift */,
				D6F4789F1D5D366100CA2EEA /* CustomScrollView.swift */,
				D6332F011D24723C00EA8367 /* TestParticle.sks */,
				D6332F021D24723C00EA8367 /* spark.png */,
				D68549AC1D1396F000F44353 /* MenuScene.swift */,
				D6D1D0731EE8C5DE00DFEE02 /* OnlineScene.swift */,
				D654DB5B1D10E8DE00CE3485 /* GameScene.swift */,
				D658F58F1D15221700E602F0 /* CreditsScene.swift */,
				D658F5911D15481700E602F0 /* SettingsScene.swift */,
				D64E4F0B1D46B7CB007E806E /* ThemeScene.swift */,
				D658F5971D15B2E700E602F0 /* TutorialScene.swift */,
				D654DB5D1D10E8DE00CE3485 /* GameViewController.swift */,
				D694C3951D4366C1002AE9F8 /* sfx */,
				D694C3901D43668B002AE9F8 /* Scenes */,
				D654DB5F1D10E8DE00CE3485 /* Main.storyboard */,
				D654DB621D10E8DE00CE3485 /* Assets.xcassets */,
				D654DB641D10E8DE00CE3485 /* LaunchScreen.storyboard */,
				D654DB671D10E8DE00CE3485 /* Info.plist */,
			);
			path = GameTestSprite;
			sourceTree = "<group>";
		};
		D654DB6F1D10E8DE00CE3485 /* GameTestSpriteTests */ = {
			isa = PBXGroup;
			children = (
				D654DB701D10E8DE00CE3485 /* GameTestSpriteTests.swift */,
				D654DB721D10E8DE00CE3485 /* Info.plist */,
			);
			path = GameTestSpriteTests;
			sourceTree = "<group>";
		};
		D654DB7A1D10E8DE00CE3485 /* GameTestSpriteUITests */ = {
			isa = PBXGroup;
			children = (
				D654DB7B1D10E8DE00CE3485 /* GameTestSpriteUITests.swift */,
				D654DB7D1D10E8DE00CE3485 /* Info.plist */,
			);
			path = GameTestSpriteUITests;
			sourceTree = "<group>";
		};
		D694C3901D43668B002AE9F8 /* Scenes */ = {
			isa = PBXGroup;
			children = (
				D694C38A1D4348DC002AE9F8 /* GameScene.sks */,
				D68549AA1D13965F00F44353 /* MenuScene.sks */,
				D658F58D1D1521FF00E602F0 /* CreditsScene.sks */,
				D658F5931D15482F00E602F0 /* SettingsScene.sks */,
				D658F5951D15B2D300E602F0 /* TutorialScene.sks */,
				D64E4F0D1D46FC8E007E806E /* ThemeScene.sks */,
			);
			name = Scenes;
			sourceTree = "<group>";
		};
		D694C3951D4366C1002AE9F8 /* sfx */ = {
			isa = PBXGroup;
			children = (
				D6F4789D1D5D22FA00CA2EEA /* lose.wav */,
				D6F4789B1D5D20EE00CA2EEA /* win.wav */,
				D6F1A93F1D44D255007D3A88 /* bg.wav */,
				D694C3961D436804002AE9F8 /* O.wav */,
				D694C3971D436804002AE9F8 /* X.wav */,
				D6F1A9411D44E043007D3A88 /* click.wav */,
			);
			name = sfx;
			sourceTree = "<group>";
		};
/* End PBXGroup section */

/* Begin PBXNativeTarget section */
		D654DB531D10E8DE00CE3485 /* X vs O */ = {
			isa = PBXNativeTarget;
			buildConfigurationList = D654DB801D10E8DE00CE3485 /* Build configuration list for PBXNativeTarget "X vs O" */;
			buildPhases = (
				D654DB501D10E8DE00CE3485 /* Sources */,
				D654DB511D10E8DE00CE3485 /* Frameworks */,
				D654DB521D10E8DE00CE3485 /* Resources */,
			);
			buildRules = (
			);
			dependencies = (
			);
			name = "X vs O";
			productName = GameTestSprite;
			productReference = D654DB541D10E8DE00CE3485 /* X vs O.app */;
			productType = "com.apple.product-type.application";
		};
		D654DB6B1D10E8DE00CE3485 /* X vs OTests */ = {
			isa = PBXNativeTarget;
			buildConfigurationList = D654DB831D10E8DE00CE3485 /* Build configuration list for PBXNativeTarget "X vs OTests" */;
			buildPhases = (
				D654DB681D10E8DE00CE3485 /* Sources */,
				D654DB691D10E8DE00CE3485 /* Frameworks */,
				D654DB6A1D10E8DE00CE3485 /* Resources */,
			);
			buildRules = (
			);
			dependencies = (
				D654DB6E1D10E8DE00CE3485 /* PBXTargetDependency */,
			);
			name = "X vs OTests";
			productName = GameTestSpriteTests;
			productReference = D654DB6C1D10E8DE00CE3485 /* X vs OTests.xctest */;
			productType = "com.apple.product-type.bundle.unit-test";
		};
		D654DB761D10E8DE00CE3485 /* X vs OUITests */ = {
			isa = PBXNativeTarget;
			buildConfigurationList = D654DB861D10E8DE00CE3485 /* Build configuration list for PBXNativeTarget "X vs OUITests" */;
			buildPhases = (
				D654DB731D10E8DE00CE3485 /* Sources */,
				D654DB741D10E8DE00CE3485 /* Frameworks */,
				D654DB751D10E8DE00CE3485 /* Resources */,
			);
			buildRules = (
			);
			dependencies = (
				D654DB791D10E8DE00CE3485 /* PBXTargetDependency */,
			);
			name = "X vs OUITests";
			productName = GameTestSpriteUITests;
			productReference = D654DB771D10E8DE00CE3485 /* X vs OUITests.xctest */;
			productType = "com.apple.product-type.bundle.ui-testing";
		};
/* End PBXNativeTarget section */

/* Begin PBXProject section */
		D654DB4C1D10E8DE00CE3485 /* Project object */ = {
			isa = PBXProject;
			attributes = {
				LastSwiftUpdateCheck = 0730;
				LastUpgradeCheck = 1130;
				ORGANIZATIONNAME = "Janak Malla";
				TargetAttributes = {
					D654DB531D10E8DE00CE3485 = {
						CreatedOnToolsVersion = 7.3.1;
						DevelopmentTeam = LG9F9UCJZ5;
						DevelopmentTeamName = "Janak Malla";
						LastSwiftMigration = 1130;
						SystemCapabilities = {
							com.apple.GameCenter = {
								enabled = 1;
							};
						};
					};
					D654DB6B1D10E8DE00CE3485 = {
						CreatedOnToolsVersion = 7.3.1;
						DevelopmentTeam = L25F4GYLCH;
						LastSwiftMigration = 1130;
						TestTargetID = D654DB531D10E8DE00CE3485;
					};
					D654DB761D10E8DE00CE3485 = {
						CreatedOnToolsVersion = 7.3.1;
						DevelopmentTeam = L25F4GYLCH;
						LastSwiftMigration = 1130;
						TestTargetID = D654DB531D10E8DE00CE3485;
					};
				};
			};
			buildConfigurationList = D654DB4F1D10E8DE00CE3485 /* Build configuration list for PBXProject "X vs O" */;
			compatibilityVersion = "Xcode 3.2";
			developmentRegion = en;
			hasScannedForEncodings = 0;
			knownRegions = (
				en,
				Base,
			);
			mainGroup = D654DB4B1D10E8DE00CE3485;
			productRefGroup = D654DB551D10E8DE00CE3485 /* Products */;
			projectDirPath = "";
			projectRoot = "";
			targets = (
				D654DB531D10E8DE00CE3485 /* X vs O */,
				D654DB6B1D10E8DE00CE3485 /* X vs OTests */,
				D654DB761D10E8DE00CE3485 /* X vs OUITests */,
			);
		};
/* End PBXProject section */

/* Begin PBXResourcesBuildPhase section */
		D654DB521D10E8DE00CE3485 /* Resources */ = {
			isa = PBXResourcesBuildPhase;
			buildActionMask = 2147483647;
			files = (
				D6F1A9401D44D255007D3A88 /* bg.wav in Resources */,
				D694C3981D436804002AE9F8 /* O.wav in Resources */,
				D6332F041D24723C00EA8367 /* spark.png in Resources */,
				D6332F031D24723C00EA8367 /* TestParticle.sks in Resources */,
				D654DB661D10E8DE00CE3485 /* LaunchScreen.storyboard in Resources */,
				D694C38B1D4348DC002AE9F8 /* GameScene.sks in Resources */,
				D654DB631D10E8DE00CE3485 /* Assets.xcassets in Resources */,
				D6FA196C1D14546A007C23CB /* LaunchScreen.storyboard in Resources */,
				D658F58E1D1521FF00E602F0 /* CreditsScene.sks in Resources */,
				D658F5961D15B2D300E602F0 /* TutorialScene.sks in Resources */,
				D68549AB1D13965F00F44353 /* MenuScene.sks in Resources */,
				D694C3991D436804002AE9F8 /* X.wav in Resources */,
				D6F1A9421D44E043007D3A88 /* click.wav in Resources */,
				D654DB611D10E8DE00CE3485 /* Main.storyboard in Resources */,
				D64E4F0E1D46FC8E007E806E /* ThemeScene.sks in Resources */,
				D6F4789E1D5D22FA00CA2EEA /* lose.wav in Resources */,
				D6F4789C1D5D20EE00CA2EEA /* win.wav in Resources */,
				D658F5941D15482F00E602F0 /* SettingsScene.sks in Resources */,
			);
			runOnlyForDeploymentPostprocessing = 0;
		};
		D654DB6A1D10E8DE00CE3485 /* Resources */ = {
			isa = PBXResourcesBuildPhase;
			buildActionMask = 2147483647;
			files = (
			);
			runOnlyForDeploymentPostprocessing = 0;
		};
		D654DB751D10E8DE00CE3485 /* Resources */ = {
			isa = PBXResourcesBuildPhase;
			buildActionMask = 2147483647;
			files = (
			);
			runOnlyForDeploymentPostprocessing = 0;
		};
/* End PBXResourcesBuildPhase section */

/* Begin PBXSourcesBuildPhase section */
		D654DB501D10E8DE00CE3485 /* Sources */ = {
			isa = PBXSourcesBuildPhase;
			buildActionMask = 2147483647;
			files = (
				D654DB5C1D10E8DE00CE3485 /* GameScene.swift in Sources */,
				D658F5901D15221700E602F0 /* CreditsScene.swift in Sources */,
				D68549AD1D1396F000F44353 /* MenuScene.swift in Sources */,
				D658F5981D15B2E700E602F0 /* TutorialScene.swift in Sources */,
				D64E4F0C1D46B7CB007E806E /* ThemeScene.swift in Sources */,
				D6D1D0741EE8C5DE00DFEE02 /* OnlineScene.swift in Sources */,
				D6F478A01D5D366100CA2EEA /* CustomScrollView.swift in Sources */,
				D6D1D0781EEA159600DFEE02 /* EasyGameCenter.swift in Sources */,
				D658F5921D15481700E602F0 /* SettingsScene.swift in Sources */,
				D654DB5E1D10E8DE00CE3485 /* GameViewController.swift in Sources */,
				D654DB581D10E8DE00CE3485 /* AppDelegate.swift in Sources */,
			);
			runOnlyForDeploymentPostprocessing = 0;
		};
		D654DB681D10E8DE00CE3485 /* Sources */ = {
			isa = PBXSourcesBuildPhase;
			buildActionMask = 2147483647;
			files = (
				D654DB711D10E8DE00CE3485 /* GameTestSpriteTests.swift in Sources */,
			);
			runOnlyForDeploymentPostprocessing = 0;
		};
		D654DB731D10E8DE00CE3485 /* Sources */ = {
			isa = PBXSourcesBuildPhase;
			buildActionMask = 2147483647;
			files = (
				D654DB7C1D10E8DE00CE3485 /* GameTestSpriteUITests.swift in Sources */,
			);
			runOnlyForDeploymentPostprocessing = 0;
		};
/* End PBXSourcesBuildPhase section */

/* Begin PBXTargetDependency section */
		D654DB6E1D10E8DE00CE3485 /* PBXTargetDependency */ = {
			isa = PBXTargetDependency;
			target = D654DB531D10E8DE00CE3485 /* X vs O */;
			targetProxy = D654DB6D1D10E8DE00CE3485 /* PBXContainerItemProxy */;
		};
		D654DB791D10E8DE00CE3485 /* PBXTargetDependency */ = {
			isa = PBXTargetDependency;
			target = D654DB531D10E8DE00CE3485 /* X vs O */;
			targetProxy = D654DB781D10E8DE00CE3485 /* PBXContainerItemProxy */;
		};
/* End PBXTargetDependency section */

/* Begin PBXVariantGroup section */
		D654DB5F1D10E8DE00CE3485 /* Main.storyboard */ = {
			isa = PBXVariantGroup;
			children = (
				D654DB601D10E8DE00CE3485 /* Base */,
			);
			name = Main.storyboard;
			sourceTree = "<group>";
		};
		D654DB641D10E8DE00CE3485 /* LaunchScreen.storyboard */ = {
			isa = PBXVariantGroup;
			children = (
				D654DB651D10E8DE00CE3485 /* Base */,
			);
			name = LaunchScreen.storyboard;
			sourceTree = "<group>";
		};
/* End PBXVariantGroup section */

/* Begin XCBuildConfiguration section */
		D654DB7E1D10E8DE00CE3485 /* Debug */ = {
			isa = XCBuildConfiguration;
			buildSettings = {
				ALWAYS_SEARCH_USER_PATHS = NO;
				CLANG_ANALYZER_LOCALIZABILITY_NONLOCALIZED = YES;
				CLANG_ANALYZER_NONNULL = YES;
				CLANG_CXX_LANGUAGE_STANDARD = "gnu++0x";
				CLANG_CXX_LIBRARY = "libc++";
				CLANG_ENABLE_MODULES = YES;
				CLANG_ENABLE_OBJC_ARC = YES;
				CLANG_WARN_BLOCK_CAPTURE_AUTORELEASING = YES;
				CLANG_WARN_BOOL_CONVERSION = YES;
				CLANG_WARN_COMMA = YES;
				CLANG_WARN_CONSTANT_CONVERSION = YES;
				CLANG_WARN_DEPRECATED_OBJC_IMPLEMENTATIONS = YES;
				CLANG_WARN_DIRECT_OBJC_ISA_USAGE = YES_ERROR;
				CLANG_WARN_EMPTY_BODY = YES;
				CLANG_WARN_ENUM_CONVERSION = YES;
				CLANG_WARN_INFINITE_RECURSION = YES;
				CLANG_WARN_INT_CONVERSION = YES;
				CLANG_WARN_NON_LITERAL_NULL_CONVERSION = YES;
				CLANG_WARN_OBJC_IMPLICIT_RETAIN_SELF = YES;
				CLANG_WARN_OBJC_LITERAL_CONVERSION = YES;
				CLANG_WARN_OBJC_ROOT_CLASS = YES_ERROR;
				CLANG_WARN_RANGE_LOOP_ANALYSIS = YES;
				CLANG_WARN_STRICT_PROTOTYPES = YES;
				CLANG_WARN_SUSPICIOUS_MOVE = YES;
				CLANG_WARN_UNREACHABLE_CODE = YES;
				CLANG_WARN__DUPLICATE_METHOD_MATCH = YES;
				"CODE_SIGN_IDENTITY[sdk=iphoneos*]" = "iPhone Developer";
				COPY_PHASE_STRIP = NO;
				DEBUG_INFORMATION_FORMAT = "dwarf-with-dsym";
				ENABLE_STRICT_OBJC_MSGSEND = YES;
				ENABLE_TESTABILITY = YES;
				GCC_C_LANGUAGE_STANDARD = gnu99;
				GCC_DYNAMIC_NO_PIC = NO;
				GCC_NO_COMMON_BLOCKS = YES;
				GCC_OPTIMIZATION_LEVEL = 0;
				GCC_PREPROCESSOR_DEFINITIONS = (
					"DEBUG=1",
					"$(inherited)",
				);
				GCC_WARN_64_TO_32_BIT_CONVERSION = YES;
				GCC_WARN_ABOUT_RETURN_TYPE = YES_ERROR;
				GCC_WARN_UNDECLARED_SELECTOR = YES;
				GCC_WARN_UNINITIALIZED_AUTOS = YES_AGGRESSIVE;
				GCC_WARN_UNUSED_FUNCTION = YES;
				GCC_WARN_UNUSED_VARIABLE = YES;
				IPHONEOS_DEPLOYMENT_TARGET = 9.0;
				MTL_ENABLE_DEBUG_INFO = YES;
				ONLY_ACTIVE_ARCH = YES;
				SDKROOT = iphoneos;
				SWIFT_OPTIMIZATION_LEVEL = "-Onone";
				TARGETED_DEVICE_FAMILY = "1,2";
			};
			name = Debug;
		};
		D654DB7F1D10E8DE00CE3485 /* Release */ = {
			isa = XCBuildConfiguration;
			buildSettings = {
				ALWAYS_SEARCH_USER_PATHS = NO;
				CLANG_ANALYZER_LOCALIZABILITY_NONLOCALIZED = YES;
				CLANG_ANALYZER_NONNULL = YES;
				CLANG_CXX_LANGUAGE_STANDARD = "gnu++0x";
				CLANG_CXX_LIBRARY = "libc++";
				CLANG_ENABLE_MODULES = YES;
				CLANG_ENABLE_OBJC_ARC = YES;
				CLANG_WARN_BLOCK_CAPTURE_AUTORELEASING = YES;
				CLANG_WARN_BOOL_CONVERSION = YES;
				CLANG_WARN_COMMA = YES;
				CLANG_WARN_CONSTANT_CONVERSION = YES;
				CLANG_WARN_DEPRECATED_OBJC_IMPLEMENTATIONS = YES;
				CLANG_WARN_DIRECT_OBJC_ISA_USAGE = YES_ERROR;
				CLANG_WARN_EMPTY_BODY = YES;
				CLANG_WARN_ENUM_CONVERSION = YES;
				CLANG_WARN_INFINITE_RECURSION = YES;
				CLANG_WARN_INT_CONVERSION = YES;
				CLANG_WARN_NON_LITERAL_NULL_CONVERSION = YES;
				CLANG_WARN_OBJC_IMPLICIT_RETAIN_SELF = YES;
				CLANG_WARN_OBJC_LITERAL_CONVERSION = YES;
				CLANG_WARN_OBJC_ROOT_CLASS = YES_ERROR;
				CLANG_WARN_RANGE_LOOP_ANALYSIS = YES;
				CLANG_WARN_STRICT_PROTOTYPES = YES;
				CLANG_WARN_SUSPICIOUS_MOVE = YES;
				CLANG_WARN_UNREACHABLE_CODE = YES;
				CLANG_WARN__DUPLICATE_METHOD_MATCH = YES;
				"CODE_SIGN_IDENTITY[sdk=iphoneos*]" = "iPhone Developer";
				COPY_PHASE_STRIP = NO;
				DEBUG_INFORMATION_FORMAT = "dwarf-with-dsym";
				ENABLE_NS_ASSERTIONS = NO;
				ENABLE_STRICT_OBJC_MSGSEND = YES;
				GCC_C_LANGUAGE_STANDARD = gnu99;
				GCC_NO_COMMON_BLOCKS = YES;
				GCC_WARN_64_TO_32_BIT_CONVERSION = YES;
				GCC_WARN_ABOUT_RETURN_TYPE = YES_ERROR;
				GCC_WARN_UNDECLARED_SELECTOR = YES;
				GCC_WARN_UNINITIALIZED_AUTOS = YES_AGGRESSIVE;
				GCC_WARN_UNUSED_FUNCTION = YES;
				GCC_WARN_UNUSED_VARIABLE = YES;
				IPHONEOS_DEPLOYMENT_TARGET = 9.0;
				MTL_ENABLE_DEBUG_INFO = NO;
				SDKROOT = iphoneos;
				TARGETED_DEVICE_FAMILY = "1,2";
				VALIDATE_PRODUCT = YES;
			};
			name = Release;
		};
		D654DB811D10E8DE00CE3485 /* Debug */ = {
			isa = XCBuildConfiguration;
			buildSettings = {
				ASSETCATALOG_COMPILER_APPICON_NAME = AppIcon;
				DEVELOPMENT_TEAM = LG9F9UCJZ5;
				INFOPLIST_FILE = GameTestSprite/Info.plist;
				IPHONEOS_DEPLOYMENT_TARGET = 9.0;
				LD_RUNPATH_SEARCH_PATHS = "$(inherited) @executable_path/Frameworks";
				PRODUCT_BUNDLE_IDENTIFIER = com.MallaInc.XvsO;
				PRODUCT_NAME = "$(TARGET_NAME)";
				SWIFT_SWIFT3_OBJC_INFERENCE = On;
				SWIFT_VERSION = 5.0;
				TARGETED_DEVICE_FAMILY = 1;
			};
			name = Debug;
		};
		D654DB821D10E8DE00CE3485 /* Release */ = {
			isa = XCBuildConfiguration;
			buildSettings = {
				ASSETCATALOG_COMPILER_APPICON_NAME = AppIcon;
				DEVELOPMENT_TEAM = LG9F9UCJZ5;
				INFOPLIST_FILE = GameTestSprite/Info.plist;
				IPHONEOS_DEPLOYMENT_TARGET = 9.0;
				LD_RUNPATH_SEARCH_PATHS = "$(inherited) @executable_path/Frameworks";
				PRODUCT_BUNDLE_IDENTIFIER = com.MallaInc.XvsO;
				PRODUCT_NAME = "$(TARGET_NAME)";
				SWIFT_OPTIMIZATION_LEVEL = "-Owholemodule";
				SWIFT_SWIFT3_OBJC_INFERENCE = On;
				SWIFT_VERSION = 5.0;
				TARGETED_DEVICE_FAMILY = 1;
			};
			name = Release;
		};
		D654DB841D10E8DE00CE3485 /* Debug */ = {
			isa = XCBuildConfiguration;
			buildSettings = {
				BUNDLE_LOADER = "$(TEST_HOST)";
				DEBUG_INFORMATION_FORMAT = dwarf;
				INFOPLIST_FILE = GameTestSpriteTests/Info.plist;
				LD_RUNPATH_SEARCH_PATHS = "$(inherited) @executable_path/Frameworks @loader_path/Frameworks";
				PRODUCT_BUNDLE_IDENTIFIER = MallaInc.GameTestSpriteTests;
				PRODUCT_NAME = "$(TARGET_NAME)";
				SWIFT_SWIFT3_OBJC_INFERENCE = On;
				SWIFT_VERSION = 5.0;
				TEST_HOST = "$(BUILT_PRODUCTS_DIR)/X vs O.app/X vs O";
			};
			name = Debug;
		};
		D654DB851D10E8DE00CE3485 /* Release */ = {
			isa = XCBuildConfiguration;
			buildSettings = {
				BUNDLE_LOADER = "$(TEST_HOST)";
				INFOPLIST_FILE = GameTestSpriteTests/Info.plist;
				LD_RUNPATH_SEARCH_PATHS = "$(inherited) @executable_path/Frameworks @loader_path/Frameworks";
				PRODUCT_BUNDLE_IDENTIFIER = MallaInc.GameTestSpriteTests;
				PRODUCT_NAME = "$(TARGET_NAME)";
				SWIFT_OPTIMIZATION_LEVEL = "-Owholemodule";
				SWIFT_SWIFT3_OBJC_INFERENCE = On;
				SWIFT_VERSION = 5.0;
				TEST_HOST = "$(BUILT_PRODUCTS_DIR)/X vs O.app/X vs O";
			};
			name = Release;
		};
		D654DB871D10E8DE00CE3485 /* Debug */ = {
			isa = XCBuildConfiguration;
			buildSettings = {
				DEBUG_INFORMATION_FORMAT = dwarf;
				INFOPLIST_FILE = GameTestSpriteUITests/Info.plist;
				LD_RUNPATH_SEARCH_PATHS = "$(inherited) @executable_path/Frameworks @loader_path/Frameworks";
				PRODUCT_BUNDLE_IDENTIFIER = MallaInc.GameTestSpriteUITests;
				PRODUCT_NAME = "$(TARGET_NAME)";
				SWIFT_SWIFT3_OBJC_INFERENCE = On;
				SWIFT_VERSION = 5.0;
				TEST_TARGET_NAME = GameTestSprite;
			};
			name = Debug;
		};
		D654DB881D10E8DE00CE3485 /* Release */ = {
			isa = XCBuildConfiguration;
			buildSettings = {
				INFOPLIST_FILE = GameTestSpriteUITests/Info.plist;
				LD_RUNPATH_SEARCH_PATHS = "$(inherited) @executable_path/Frameworks @loader_path/Frameworks";
				PRODUCT_BUNDLE_IDENTIFIER = MallaInc.GameTestSpriteUITests;
				PRODUCT_NAME = "$(TARGET_NAME)";
				SWIFT_OPTIMIZATION_LEVEL = "-Owholemodule";
				SWIFT_SWIFT3_OBJC_INFERENCE = On;
				SWIFT_VERSION = 5.0;
				TEST_TARGET_NAME = GameTestSprite;
			};
			name = Release;
		};
/* End XCBuildConfiguration section */

/* Begin XCConfigurationList section */
		D654DB4F1D10E8DE00CE3485 /* Build configuration list for PBXProject "X vs O" */ = {
			isa = XCConfigurationList;
			buildConfigurations = (
				D654DB7E1D10E8DE00CE3485 /* Debug */,
				D654DB7F1D10E8DE00CE3485 /* Release */,
			);
			defaultConfigurationIsVisible = 0;
			defaultConfigurationName = Release;
		};
		D654DB801D10E8DE00CE3485 /* Build configuration list for PBXNativeTarget "X vs O" */ = {
			isa = XCConfigurationList;
			buildConfigurations = (
				D654DB811D10E8DE00CE3485 /* Debug */,
				D654DB821D10E8DE00CE3485 /* Release */,
			);
			defaultConfigurationIsVisible = 0;
			defaultConfigurationName = Release;
		};
		D654DB831D10E8DE00CE3485 /* Build configuration list for PBXNativeTarget "X vs OTests" */ = {
			isa = XCConfigurationList;
			buildConfigurations = (
				D654DB841D10E8DE00CE3485 /* Debug */,
				D654DB851D10E8DE00CE3485 /* Release */,
			);
			defaultConfigurationIsVisible = 0;
			defaultConfigurationName = Release;
		};
		D654DB861D10E8DE00CE3485 /* Build configuration list for PBXNativeTarget "X vs OUITests" */ = {
			isa = XCConfigurationList;
			buildConfigurations = (
				D654DB871D10E8DE00CE3485 /* Debug */,
				D654DB881D10E8DE00CE3485 /* Release */,
			);
			defaultConfigurationIsVisible = 0;
			defaultConfigurationName = Release;
		};
/* End XCConfigurationList section */
	};
	rootObject = D654DB4C1D10E8DE00CE3485 /* Project object */;
}
